<?xml version="1.0" encoding="utf-8"?>
<Project ToolsVersion="4.0" xmlns="http://schemas.microsoft.com/developer/msbuild/2003">
  <ItemGroup>
    <Filter Include="ソース ファイル">
      <UniqueIdentifier>{4FC737F1-C7A5-4376-A066-2A32D752A2FF}</UniqueIdentifier>
      <Extensions>cpp;c;cc;cxx;c++;cppm;ixx;def;odl;idl;hpj;bat;asm;asmx</Extensions>
    </Filter>
    <Filter Include="ヘッダー ファイル">
      <UniqueIdentifier>{93995380-89BD-4b04-88EB-625FBE52EBFB}</UniqueIdentifier>
      <Extensions>h;hh;hpp;hxx;h++;hm;inl;inc;ipp;xsd</Extensions>
    </Filter>
    <Filter Include="リソース ファイル">
      <UniqueIdentifier>{67DA6AB6-F800-4c08-8B7A-83BB121AAD01}</UniqueIdentifier>
      <Extensions>rc;ico;cur;bmp;dlg;rc2;rct;bin;rgs;gif;jpg;jpeg;jpe;resx;tiff;tif;png;wav;mfcribbon-ms</Extensions>
    </Filter>
    <Filter Include="ソース ファイル\1章">
      <UniqueIdentifier>{40b799b1-1b13-4a64-863d-e858970bd2df}</UniqueIdentifier>
    </Filter>
    <Filter Include="ソース ファイル\2章">
      <UniqueIdentifier>{73fbc594-63cf-4fe6-9a88-c5da5389334a}</UniqueIdentifier>
    </Filter>
    <Filter Include="ソース ファイル\3章">
      <UniqueIdentifier>{582b35d8-cf8b-4846-9cdc-548c1448414e}</UniqueIdentifier>
    </Filter>
    <Filter Include="ソース ファイル\4章">
      <UniqueIdentifier>{18011f9c-8883-4eba-8490-d70239ee412b}</UniqueIdentifier>
    </Filter>
    <Filter Include="ソース ファイル\6章">
      <UniqueIdentifier>{4609c668-d7fd-4465-ae94-e951b5b33a17}</UniqueIdentifier>
    </Filter>
    <Filter Include="ソース ファイル\7章">
      <UniqueIdentifier>{4f7388f3-fbd8-4368-ae04-74684e8aec23}</UniqueIdentifier>
    </Filter>
    <Filter Include="ソース ファイル\8章">
      <UniqueIdentifier>{51d4fed9-4f57-4f50-bdc9-086ad951d560}</UniqueIdentifier>
    </Filter>
    <Filter Include="ソース ファイル\9章">
      <UniqueIdentifier>{4bb50ff2-e110-4cc5-9944-254ac92d79fb}</UniqueIdentifier>
    </Filter>
    <Filter Include="ソース ファイル\10章">
      <UniqueIdentifier>{af310807-31c7-4fd0-b693-1a4158fa7f94}</UniqueIdentifier>
    </Filter>
    <Filter Include="ソース ファイル\5章">
      <UniqueIdentifier>{5833a557-eb90-4595-ad3c-0fd0ebca7b8a}</UniqueIdentifier>
    </Filter>
  </ItemGroup>
  <ItemGroup>
    <ClCompile Include="main.cpp">
      <Filter>ソース ファイル</Filter>
    </ClCompile>
    <ClCompile Include="sample.cpp">
      <Filter>ソース ファイル</Filter>
    </ClCompile>
    <ClCompile Include="tutorial01_01.cpp">
      <Filter>ソース ファイル\1章</Filter>
    </ClCompile>
    <ClCompile Include="tutorial01_02.cpp">
      <Filter>ソース ファイル\1章</Filter>
    </ClCompile>
    <ClCompile Include="tutorial01_03.cpp">
      <Filter>ソース ファイル\1章</Filter>
    </ClCompile>
    <ClCompile Include="tutorial02_01.cpp">
      <Filter>ソース ファイル\2章</Filter>
    </ClCompile>
    <ClCompile Include="tutorial02_02.cpp">
      <Filter>ソース ファイル\2章</Filter>
    </ClCompile>
    <ClCompile Include="tutorial02_03.cpp">
      <Filter>ソース ファイル\2章</Filter>
    </ClCompile>
    <ClCompile Include="tutorial02_04.cpp">
      <Filter>ソース ファイル\2章</Filter>
    </ClCompile>
    <ClCompile Include="tutorial02_05.cpp">
      <Filter>ソース ファイル\2章</Filter>
    </ClCompile>
    <ClCompile Include="tutorial02_06.cpp">
      <Filter>ソース ファイル\2章</Filter>
    </ClCompile>
    <ClCompile Include="tutorial03_01.cpp">
      <Filter>ソース ファイル\3章</Filter>
    </ClCompile>
    <ClCompile Include="tutorial03_02.cpp">
      <Filter>ソース ファイル\3章</Filter>
    </ClCompile>
    <ClCompile Include="tutorial03_03.cpp">
      <Filter>ソース ファイル\3章</Filter>
    </ClCompile>
    <ClCompile Include="tutorial03_04.cpp">
      <Filter>ソース ファイル\3章</Filter>
    </ClCompile>
    <ClCompile Include="tutorial03_05.cpp">
      <Filter>ソース ファイル\3章</Filter>
    </ClCompile>
    <ClCompile Include="tutorial03_06.cpp">
      <Filter>ソース ファイル\3章</Filter>
    </ClCompile>
    <ClCompile Include="tutorial03_07.cpp">
      <Filter>ソース ファイル\3章</Filter>
    </ClCompile>
    <ClCompile Include="tutorial03_08.cpp">
      <Filter>ソース ファイル\3章</Filter>
    </ClCompile>
    <ClCompile Include="tutorial03_09.cpp">
      <Filter>ソース ファイル\3章</Filter>
    </ClCompile>
    <ClCompile Include="tutorial03_10.cpp">
      <Filter>ソース ファイル\3章</Filter>
    </ClCompile>
    <ClCompile Include="tutorial03_11.cpp">
      <Filter>ソース ファイル\3章</Filter>
    </ClCompile>
    <ClCompile Include="tutorial03_12.cpp">
      <Filter>ソース ファイル\3章</Filter>
    </ClCompile>
    <ClCompile Include="tutorial04_01.cpp">
      <Filter>ソース ファイル\4章</Filter>
    </ClCompile>
    <ClCompile Include="tutorial04_03.cpp">
      <Filter>ソース ファイル\4章</Filter>
    </ClCompile>
    <ClCompile Include="tutorial04_05.cpp">
      <Filter>ソース ファイル\4章</Filter>
    </ClCompile>
    <ClCompile Include="tutorial04_06.cpp">
      <Filter>ソース ファイル\4章</Filter>
    </ClCompile>
    <ClCompile Include="tutorial04_07.cpp">
      <Filter>ソース ファイル\4章</Filter>
    </ClCompile>
    <ClCompile Include="tutorial04_08.cpp">
      <Filter>ソース ファイル\4章</Filter>
    </ClCompile>
    <ClCompile Include="tutorial04_09.cpp">
      <Filter>ソース ファイル\4章</Filter>
    </ClCompile>
    <ClCompile Include="tutorial04_10.cpp">
      <Filter>ソース ファイル\4章</Filter>
    </ClCompile>
    <ClCompile Include="tutorial04_11.cpp">
      <Filter>ソース ファイル\4章</Filter>
    </ClCompile>
    <ClCompile Include="tutorial04_12.cpp">
      <Filter>ソース ファイル\4章</Filter>
    </ClCompile>
    <ClCompile Include="tutorial04_13.cpp">
      <Filter>ソース ファイル\4章</Filter>
    </ClCompile>
    <ClCompile Include="tutorial05_01.cpp">
      <Filter>ソース ファイル\5章</Filter>
    </ClCompile>
    <ClCompile Include="tutorial05_02.cpp">
      <Filter>ソース ファイル\5章</Filter>
    </ClCompile>
    <ClCompile Include="tutorial05_03.cpp">
      <Filter>ソース ファイル\5章</Filter>
    </ClCompile>
    <ClCompile Include="tutorial05_04.cpp">
      <Filter>ソース ファイル\5章</Filter>
    </ClCompile>
    <ClCompile Include="tutorial05_05.cpp">
      <Filter>ソース ファイル\5章</Filter>
    </ClCompile>
    <ClCompile Include="tutorial05_06.cpp">
      <Filter>ソース ファイル\5章</Filter>
    </ClCompile>
    <ClCompile Include="tutorial05_07_1.cpp">
      <Filter>ソース ファイル\5章</Filter>
    </ClCompile>
    <ClCompile Include="tutorial05_07_2.cpp">
      <Filter>ソース ファイル\5章</Filter>
    </ClCompile>
    <ClCompile Include="tutorial05_08_1.cpp">
      <Filter>ソース ファイル\5章</Filter>
    </ClCompile>
    <ClCompile Include="tutorial05_08_2.cpp">
      <Filter>ソース ファイル\5章</Filter>
    </ClCompile>
    <ClCompile Include="tutorial05_09_1.cpp">
      <Filter>ソース ファイル\5章</Filter>
    </ClCompile>
    <ClCompile Include="tutorial05_09_2.cpp">
      <Filter>ソース ファイル\5章</Filter>
    </ClCompile>
    <ClCompile Include="tutorial05_10.cpp">
      <Filter>ソース ファイル\5章</Filter>
    </ClCompile>
    <ClCompile Include="tutorial05_11.cpp">
      <Filter>ソース ファイル\5章</Filter>
    </ClCompile>
    <ClCompile Include="tutorial05_12.cpp">
      <Filter>ソース ファイル\5章</Filter>
    </ClCompile>
    <ClCompile Include="tutorial05_13.cpp">
      <Filter>ソース ファイル\5章</Filter>
    </ClCompile>
    <ClCompile Include="tutorial05_16.cpp">
      <Filter>ソース ファイル\5章</Filter>
    </ClCompile>
    <ClCompile Include="tutorial05_14.cpp">
      <Filter>ソース ファイル\5章</Filter>
    </ClCompile>
    <ClCompile Include="tutorial05_15.cpp">
      <Filter>ソース ファイル\5章</Filter>
    </ClCompile>
    <ClCompile Include="tutorial05_17.cpp">
      <Filter>ソース ファイル\5章</Filter>
    </ClCompile>
    <ClCompile Include="tutorial05_18.cpp">
      <Filter>ソース ファイル\5章</Filter>
    </ClCompile>
    <ClCompile Include="tutorial05_19.cpp">
      <Filter>ソース ファイル\5章</Filter>
    </ClCompile>
    <ClCompile Include="tutorial05_20.cpp">
      <Filter>ソース ファイル\5章</Filter>
    </ClCompile>
    <ClCompile Include="tutorial05_21.cpp">
      <Filter>ソース ファイル\5章</Filter>
    </ClCompile>
    <ClCompile Include="tutorial05_22.cpp">
      <Filter>ソース ファイル\5章</Filter>
    </ClCompile>
    <ClCompile Include="tutorial05_23.cpp">
      <Filter>ソース ファイル\5章</Filter>
    </ClCompile>
    <ClCompile Include="tutorial06_01.cpp">
      <Filter>ソース ファイル\6章</Filter>
    </ClCompile>
    <ClCompile Include="tutorial06_02.cpp">
      <Filter>ソース ファイル\6章</Filter>
    </ClCompile>
    <ClCompile Include="tutorial06_03_1.cpp">
      <Filter>ソース ファイル\6章</Filter>
    </ClCompile>
    <ClCompile Include="tutorial06_04_1.cpp">
      <Filter>ソース ファイル\6章</Filter>
    </ClCompile>
    <ClCompile Include="tutorial06_03_2.cpp">
      <Filter>ソース ファイル\6章</Filter>
    </ClCompile>
    <ClCompile Include="tutorial06_05.cpp">
      <Filter>ソース ファイル\6章</Filter>
    </ClCompile>
    <ClCompile Include="tutorial06_06.cpp">
      <Filter>ソース ファイル\6章</Filter>
    </ClCompile>
    <ClCompile Include="tutorial06_04_2.cpp">
      <Filter>ソース ファイル\6章</Filter>
    </ClCompile>
    <ClCompile Include="tutorial06_07.cpp">
      <Filter>ソース ファイル\6章</Filter>
    </ClCompile>
    <ClCompile Include="tutorial06_08.cpp">
      <Filter>ソース ファイル\6章</Filter>
    </ClCompile>
    <ClCompile Include="tutorial07_01.cpp">
      <Filter>ソース ファイル\7章</Filter>
    </ClCompile>
    <ClCompile Include="tutorial07_02.cpp">
      <Filter>ソース ファイル\7章</Filter>
    </ClCompile>
    <ClCompile Include="tutorial07_03_1.cpp">
      <Filter>ソース ファイル\7章</Filter>
    </ClCompile>
    <ClCompile Include="tutorial07_04.cpp">
      <Filter>ソース ファイル\7章</Filter>
    </ClCompile>
    <ClCompile Include="tutorial07_05.cpp">
      <Filter>ソース ファイル\7章</Filter>
    </ClCompile>
    <ClCompile Include="tutorial07_03_2.cpp">
      <Filter>ソース ファイル\7章</Filter>
    </ClCompile>
    <ClCompile Include="tutorial07_06.cpp">
      <Filter>ソース ファイル\7章</Filter>
    </ClCompile>
    <ClCompile Include="tutorial07_07.cpp">
      <Filter>ソース ファイル\7章</Filter>
    </ClCompile>
    <ClCompile Include="tutorial07_08.cpp">
      <Filter>ソース ファイル\7章</Filter>
    </ClCompile>
    <ClCompile Include="tutorial07_09.cpp">
      <Filter>ソース ファイル\7章</Filter>
    </ClCompile>
    <ClCompile Include="tutorial07_10_1.cpp">
      <Filter>ソース ファイル\7章</Filter>
    </ClCompile>
    <ClCompile Include="tutorial07_10_2.cpp">
      <Filter>ソース ファイル\7章</Filter>
    </ClCompile>
    <ClCompile Include="tutorial07_11.cpp">
      <Filter>ソース ファイル\7章</Filter>
    </ClCompile>
    <ClCompile Include="tutorial07_12.cpp">
      <Filter>ソース ファイル\7章</Filter>
    </ClCompile>
    <ClCompile Include="tutorial08_01.cpp">
      <Filter>ソース ファイル\8章</Filter>
    </ClCompile>
    <ClCompile Include="tutorial08_02.cpp">
      <Filter>ソース ファイル\8章</Filter>
    </ClCompile>
    <ClCompile Include="tutorial08_03.cpp">
      <Filter>ソース ファイル\8章</Filter>
    </ClCompile>
    <ClCompile Include="tutorial09_01.cpp">
      <Filter>ソース ファイル\9章</Filter>
    </ClCompile>
    <ClCompile Include="tutorial09_02.cpp">
      <Filter>ソース ファイル\9章</Filter>
    </ClCompile>
    <ClCompile Include="tutorial09_03_1.cpp">
      <Filter>ソース ファイル\9章</Filter>
    </ClCompile>
    <ClCompile Include="tutorial09_03_2.cpp">
      <Filter>ソース ファイル\9章</Filter>
    </ClCompile>
    <ClCompile Include="tutorial09_04.cpp">
      <Filter>ソース ファイル\9章</Filter>
    </ClCompile>
    <ClCompile Include="tutorial09_05.cpp">
      <Filter>ソース ファイル\9章</Filter>
    </ClCompile>
    <ClCompile Include="tutorial09_06_1.cpp">
      <Filter>ソース ファイル\9章</Filter>
    </ClCompile>
    <ClCompile Include="tutorial09_06_2.cpp">
      <Filter>ソース ファイル\9章</Filter>
    </ClCompile>
    <ClCompile Include="tutorial09_07.cpp">
      <Filter>ソース ファイル\9章</Filter>
    </ClCompile>
    <ClCompile Include="tutorial09_08.cpp">
      <Filter>ソース ファイル\9章</Filter>
    </ClCompile>
    <ClCompile Include="tutorial09_09.cpp">
      <Filter>ソース ファイル\9章</Filter>
    </ClCompile>
    <ClCompile Include="tutorial09_11.cpp">
      <Filter>ソース ファイル\9章</Filter>
    </ClCompile>
    <ClCompile Include="tutorial10_01.cpp">
      <Filter>ソース ファイル\10章</Filter>
    </ClCompile>
    <ClCompile Include="tutorial10_02_1.cpp">
      <Filter>ソース ファイル\10章</Filter>
    </ClCompile>
    <ClCompile Include="tutorial10_01_2.cpp">
      <Filter>ソース ファイル\10章</Filter>
    </ClCompile>
    <ClCompile Include="tutorial10_03_1.cpp">
      <Filter>ソース ファイル\10章</Filter>
    </ClCompile>
    <ClCompile Include="tutorial10_02_2.cpp">
      <Filter>ソース ファイル\10章</Filter>
    </ClCompile>
    <ClCompile Include="tutorial10_03_2.cpp">
      <Filter>ソース ファイル\10章</Filter>
    </ClCompile>
    <ClCompile Include="tutorial10_04.cpp">
      <Filter>ソース ファイル\10章</Filter>
    </ClCompile>
    <ClCompile Include="tutorial10_05.cpp">
      <Filter>ソース ファイル\10章</Filter>
    </ClCompile>
    <ClCompile Include="tutorial10_06.cpp">
      <Filter>ソース ファイル\10章</Filter>
    </ClCompile>
    <ClCompile Include="tutorial10_06_0.cpp">
      <Filter>ソース ファイル\10章</Filter>
    </ClCompile>
  </ItemGroup>
  <ItemGroup>
    <ClInclude Include="tutorial.h">
      <Filter>ヘッダー ファイル</Filter>
    </ClInclude>
    <ClInclude Include="tutorial04_07.h">
      <Filter>ヘッダー ファイル</Filter>
    </ClInclude>
    <ClInclude Include="tutorial06_07.h">
      <Filter>ヘッダー ファイル</Filter>
    </ClInclude>
  </ItemGroup>
</Project>